
Microsoft Visual Studio Solution File, Format Version 12.00
# Visual Studio Version 17
VisualStudioVersion = 17.5.33627.172
MinimumVisualStudioVersion = 10.0.40219.1
Project("{FAE04EC0-301F-11D3-BF4B-00C04F79EFBC}") = "BattleshipUI", "BattleshipUI\BattleshipUI.csproj", "{AA294412-0F05-43D0-AF33-1A9D44EF2457}"
EndProject
Project("{FAE04EC0-301F-11D3-BF4B-00C04F79EFBC}") = "BattleshipLibrary", "BattleshipLibrary\BattleshipLibrary.csproj", "{28DF49B6-F843-4F25-B8B4-A6F75E7706C1}"
EndProject
Global
	GlobalSection(SolutionConfigurationPlatforms) = preSolution
		Debug|Any CPU = Debug|Any CPU
		Release|Any CPU = Release|Any CPU
	EndGlobalSection
	GlobalSection(ProjectConfigurationPlatforms) = postSolution
		{AA294412-0F05-43D0-AF33-1A9D44EF2457}.Debug|Any CPU.ActiveCfg = Debug|Any CPU
		{AA294412-0F05-43D0-AF33-1A9D44EF2457}.Debug|Any CPU.Build.0 = Debug|Any CPU
		{AA294412-0F05-43D0-AF33-1A9D44EF2457}.Release|Any CPU.ActiveCfg = Release|Any CPU
		{AA294412-0F05-43D0-AF33-1A9D44EF2457}.Release|Any CPU.Build.0 = Release|Any CPU
		{28DF49B6-F843-4F25-B8B4-A6F75E7706C1}.Debug|Any CPU.ActiveCfg = Debug|Any CPU
		{28DF49B6-F843-4F25-B8B4-A6F75E7706C1}.Debug|Any CPU.Build.0 = Debug|Any CPU
		{28DF49B6-F843-4F25-B8B4-A6F75E7706C1}.Release|Any CPU.ActiveCfg = Release|Any CPU
		{28DF49B6-F843-4F25-B8B4-A6F75E7706C1}.Release|Any CPU.Build.0 = Release|Any CPU
	EndGlobalSection
	GlobalSection(SolutionProperties) = preSolution
		HideSolutionNode = FALSE
	EndGlobalSection
	GlobalSection(ExtensibilityGlobals) = postSolution
		SolutionGuid = {323C2A87-2804-49BD-B9E8-E16150B0E40B}
	EndGlobalSection
EndGlobal
